
Microsoft Visual Studio Solution File, Format Version 12.00
# Visual Studio Version 17
VisualStudioVersion = 17.4.33213.308
MinimumVisualStudioVersion = 10.0.40219.1
Project("{FAE04EC0-301F-11D3-BF4B-00C04F79EFBC}") = "ODataBookStore", "ODataBookStore\ODataBookStore.csproj", "{4078434D-A03C-4540-AC32-991964A034C0}"
EndProject
Project("{FAE04EC0-301F-11D3-BF4B-00C04F79EFBC}") = "ODataBookStoreWebClient", "ODataBookStoreWebClient\ODataBookStoreWebClient.csproj", "{45FB0579-A766-4406-823E-1FAA896E74CA}"
EndProject
Global
	GlobalSection(SolutionConfigurationPlatforms) = preSolution
		Debug|Any CPU = Debug|Any CPU
		Release|Any CPU = Release|Any CPU
	EndGlobalSection
	GlobalSection(ProjectConfigurationPlatforms) = postSolution
		{4078434D-A03C-4540-AC32-991964A034C0}.Debug|Any CPU.ActiveCfg = Debug|Any CPU
		{4078434D-A03C-4540-AC32-991964A034C0}.Debug|Any CPU.Build.0 = Debug|Any CPU
		{4078434D-A03C-4540-AC32-991964A034C0}.Release|Any CPU.ActiveCfg = Release|Any CPU
		{4078434D-A03C-4540-AC32-991964A034C0}.Release|Any CPU.Build.0 = Release|Any CPU
		{45FB0579-A766-4406-823E-1FAA896E74CA}.Debug|Any CPU.ActiveCfg = Debug|Any CPU
		{45FB0579-A766-4406-823E-1FAA896E74CA}.Debug|Any CPU.Build.0 = Debug|Any CPU
		{45FB0579-A766-4406-823E-1FAA896E74CA}.Release|Any CPU.ActiveCfg = Release|Any CPU
		{45FB0579-A766-4406-823E-1FAA896E74CA}.Release|Any CPU.Build.0 = Release|Any CPU
	EndGlobalSection
	GlobalSection(SolutionProperties) = preSolution
		HideSolutionNode = FALSE
	EndGlobalSection
	GlobalSection(ExtensibilityGlobals) = postSolution
		SolutionGuid = {E725D529-BCC1-49EA-B31F-58E758B7F648}
	EndGlobalSection
EndGlobal
